# This file is autogenerated, do not edit; changes may be undone by the next 'dep ensure'.


[[projects]]
  branch = "master"
  name = "github.com/enr/clui"
  packages = ["."]
  revision = "a608f7f156e0279a4b7585235fad1054ec987a30"

[[projects]]
  branch = "master"
  name = "github.com/enr/go-commons"
  packages = ["environment"]
  revision = "bcd3f40eeea857496af2cf1bea949ab00e925b12"

[[projects]]
  branch = "master"
  name = "github.com/enr/go-files"
  packages = ["files"]
  revision = "7336b98a33ba8c37c4dbf78705c52d70538a8db6"

[[projects]]
  branch = "master"
  name = "github.com/enr/runcmd"
  packages = ["."]
  revision = "c7ba37e9c07d154414e742e1802bf09fbc1bc965"

[[projects]]
  branch = "master"
  name = "github.com/extemporalgenome/slug"
  packages = ["."]
  revision = "0320c85e32e0015b090f08a5d1324d5ab6094f07"

[[projects]]
  name = "github.com/mattn/go-colorable"
  packages = ["."]
  revision = "167de6bfdfba052fa6b2d3664c8f5272e23c9072"
  version = "v0.0.9"

[[projects]]
  name = "github.com/mattn/go-isatty"
  packages = ["."]
  revision = "6ca4dbf54d38eea1a992b3c722a76a5d1c4cb25c"
  version = "v0.0.4"

[[projects]]
  name = "github.com/mitchellh/go-homedir"
  packages = ["."]
  revision = "ae18d6b8b3205b561c79e8e5f69bff09736185f4"
  version = "v1.0.0"

[[projects]]
  name = "github.com/subosito/gotenv"
  packages = ["."]
  revision = "69b5b6104433beb2cb9c3ce00bdadf3c7c2d3f34"
  version = "v1.1.1"

[[projects]]
  name = "github.com/urfave/cli"
  packages = ["."]
  revision = "cfb38830724cc34fedffe9a2a29fb54fa9169cd1"
  version = "v1.20.0"

[[projects]]
  branch = "master"
  name = "golang.org/x/sys"
  packages = ["unix"]
  revision = "fa5fdf94c78965f1aa8423f0cc50b8b8d728b05a"

[[projects]]
  name = "golang.org/x/text"
  packages = [
    "internal/gen",
    "internal/triegen",
    "internal/ucd",
    "transform",
    "unicode/cldr",
    "unicode/norm"
  ]
  revision = "f21a4dfb5e38f5895301dc265a8def02365cc3d0"
  version = "v0.3.0"

[solve-meta]
  analyzer-name = "dep"
  analyzer-version = 1
  inputs-digest = "81cbd3e6110d70ef61d9ec50b5bc1cbc32656fe3f2d25c450b749960782844d1"
  solver-name = "gps-cdcl"
  solver-version = 1
